
Microsoft Visual Studio Solution File, Format Version 12.00
# Visual Studio Version 17
VisualStudioVersion = 17.14.36804.6
MinimumVisualStudioVersion = 10.0.40219.1
Project("{FAE04EC0-301F-11D3-BF4B-00C04F79EFBC}") = "WeddinGifts.Api", "WeddinGifts.Api\WeddinGifts.Api.csproj", "{52FD05CB-AD71-477C-8364-5E6EC47B961B}"
EndProject
Project("{2150E333-8FDC-42A3-9474-1A3956D46DE8}") = "Itens de Solução", "Itens de Solução", "{380A7511-A354-6D7A-0CC0-8FA1F1BA7B6C}"
	ProjectSection(SolutionItems) = preProject
		README.md = README.md
	EndProjectSection
EndProject
Global
	GlobalSection(SolutionConfigurationPlatforms) = preSolution
		Debug|Any CPU = Debug|Any CPU
		Release|Any CPU = Release|Any CPU
	EndGlobalSection
	GlobalSection(ProjectConfigurationPlatforms) = postSolution
		{52FD05CB-AD71-477C-8364-5E6EC47B961B}.Debug|Any CPU.ActiveCfg = Debug|Any CPU
		{52FD05CB-AD71-477C-8364-5E6EC47B961B}.Debug|Any CPU.Build.0 = Debug|Any CPU
		{52FD05CB-AD71-477C-8364-5E6EC47B961B}.Release|Any CPU.ActiveCfg = Release|Any CPU
		{52FD05CB-AD71-477C-8364-5E6EC47B961B}.Release|Any CPU.Build.0 = Release|Any CPU
	EndGlobalSection
	GlobalSection(SolutionProperties) = preSolution
		HideSolutionNode = FALSE
	EndGlobalSection
	GlobalSection(ExtensibilityGlobals) = postSolution
		SolutionGuid = {7E8D464B-3E25-4DD7-8909-0125D0E7B57E}
	EndGlobalSection
EndGlobal
